
Microsoft Visual Studio Solution File, Format Version 12.00
# Visual Studio Version 17
VisualStudioVersion = 17.0.32112.339
MinimumVisualStudioVersion = 10.0.40219.1
Project("{FAE04EC0-301F-11D3-BF4B-00C04F79EFBC}") = "CalculatorUI", "CalculatorUI\CalculatorUI.csproj", "{633C3DF6-F568-4D50-809B-FE692BA02598}"
EndProject
Global
	GlobalSection(SolutionConfigurationPlatforms) = preSolution
		Debug|Any CPU = Debug|Any CPU
		Release|Any CPU = Release|Any CPU
	EndGlobalSection
	GlobalSection(ProjectConfigurationPlatforms) = postSolution
		{633C3DF6-F568-4D50-809B-FE692BA02598}.Debug|Any CPU.ActiveCfg = Debug|Any CPU
		{633C3DF6-F568-4D50-809B-FE692BA02598}.Debug|Any CPU.Build.0 = Debug|Any CPU
		{633C3DF6-F568-4D50-809B-FE692BA02598}.Release|Any CPU.ActiveCfg = Release|Any CPU
		{633C3DF6-F568-4D50-809B-FE692BA02598}.Release|Any CPU.Build.0 = Release|Any CPU
	EndGlobalSection
	GlobalSection(SolutionProperties) = preSolution
		HideSolutionNode = FALSE
	EndGlobalSection
	GlobalSection(ExtensibilityGlobals) = postSolution
		SolutionGuid = {9C5053F1-BFE6-4D45-828D-8D642026256B}
	EndGlobalSection
EndGlobal
